
Microsoft Visual Studio Solution File, Format Version 12.00
# Visual Studio Version 16
VisualStudioVersion = 16.0.29215.179
MinimumVisualStudioVersion = 10.0.40219.1
Project("{FAE04EC0-301F-11D3-BF4B-00C04F79EFBC}") = "GADE6112 - Task3", "GADE6112 - Task3\GADE6112 - Task3.csproj", "{3835D0B0-6CF9-4D44-90BD-27096A773362}"
EndProject
Global
	GlobalSection(SolutionConfigurationPlatforms) = preSolution
		Debug|Any CPU = Debug|Any CPU
		Release|Any CPU = Release|Any CPU
	EndGlobalSection
	GlobalSection(ProjectConfigurationPlatforms) = postSolution
		{3835D0B0-6CF9-4D44-90BD-27096A773362}.Debug|Any CPU.ActiveCfg = Debug|Any CPU
		{3835D0B0-6CF9-4D44-90BD-27096A773362}.Debug|Any CPU.Build.0 = Debug|Any CPU
		{3835D0B0-6CF9-4D44-90BD-27096A773362}.Release|Any CPU.ActiveCfg = Release|Any CPU
		{3835D0B0-6CF9-4D44-90BD-27096A773362}.Release|Any CPU.Build.0 = Release|Any CPU
	EndGlobalSection
	GlobalSection(SolutionProperties) = preSolution
		HideSolutionNode = FALSE
	EndGlobalSection
	GlobalSection(ExtensibilityGlobals) = postSolution
		SolutionGuid = {77545F70-A5D5-4810-A3E3-C4E47CC51F0F}
	EndGlobalSection
EndGlobal
